<?xml version="1.0" encoding="utf-8"?>
<Project ToolsVersion="4.0" xmlns="http://schemas.microsoft.com/developer/msbuild/2003">
  <ItemGroup>
    <Filter Include="Main">
      <UniqueIdentifier>{aa064f4d-f94e-4dd2-bda1-5845db06ebae}</UniqueIdentifier>
    </Filter>
    <Filter Include="Utility">
      <UniqueIdentifier>{5b130ce1-6d92-4300-874e-89232153e977}</UniqueIdentifier>
    </Filter>
    <Filter Include="Scene">
      <UniqueIdentifier>{94f26bf3-893d-433b-9a76-f66f7b24af18}</UniqueIdentifier>
    </Filter>
    <Filter Include="Collision">
      <UniqueIdentifier>{e82dbe77-87a9-431f-833e-72e553fc7663}</UniqueIdentifier>
    </Filter>
    <Filter Include="Camera">
      <UniqueIdentifier>{523fe433-8ccb-4907-9cf3-325907fe826a}</UniqueIdentifier>
    </Filter>
    <Filter Include="Player">
      <UniqueIdentifier>{481d39b6-1a29-402c-9f7e-204772bb98bc}</UniqueIdentifier>
    </Filter>
    <Filter Include="Stage">
      <UniqueIdentifier>{01dc42d8-b4fe-47db-b0c2-b519bd22e72c}</UniqueIdentifier>
    </Filter>
  </ItemGroup>
  <ItemGroup>
    <ClCompile Include="Main.cpp">
      <Filter>Main</Filter>
    </ClCompile>
    <ClCompile Include="Input.cpp">
      <Filter>Utility</Filter>
    </ClCompile>
    <ClCompile Include="Loader.cpp">
      <Filter>Utility</Filter>
    </ClCompile>
    <ClCompile Include="FPS.cpp">
      <Filter>Utility</Filter>
    </ClCompile>
    <ClCompile Include="SceneBase.cpp">
      <Filter>Scene</Filter>
    </ClCompile>
    <ClCompile Include="GameManager.cpp">
      <Filter>Main</Filter>
    </ClCompile>
    <ClCompile Include="GameScene.cpp">
      <Filter>Scene</Filter>
    </ClCompile>
    <ClCompile Include="Camera.cpp">
      <Filter>Camera</Filter>
    </ClCompile>
    <ClCompile Include="Player.cpp">
      <Filter>Player</Filter>
    </ClCompile>
    <ClCompile Include="CollisionManager.cpp">
      <Filter>Collision</Filter>
    </ClCompile>
    <ClCompile Include="StageBase.cpp">
      <Filter>Stage</Filter>
    </ClCompile>
    <ClCompile Include="ArmEnemyStage.cpp">
      <Filter>Stage</Filter>
    </ClCompile>
    <ClCompile Include="Calculation.cpp">
      <Filter>Utility</Filter>
    </ClCompile>
    <ClCompile Include="PlayerStateProcessBase.cpp">
      <Filter>Player</Filter>
    </ClCompile>
    <ClCompile Include="PlayerRun.cpp">
      <Filter>Player</Filter>
    </ClCompile>
  </ItemGroup>
  <ItemGroup>
    <ClInclude Include="Utility.h">
      <Filter>Utility</Filter>
    </ClInclude>
    <ClInclude Include="Input.h">
      <Filter>Utility</Filter>
    </ClInclude>
    <ClInclude Include="Loader.h">
      <Filter>Utility</Filter>
    </ClInclude>
    <ClInclude Include="FPS.h">
      <Filter>Utility</Filter>
    </ClInclude>
    <ClInclude Include="SceneBase.h">
      <Filter>Scene</Filter>
    </ClInclude>
    <ClInclude Include="GameManager.h">
      <Filter>Main</Filter>
    </ClInclude>
    <ClInclude Include="CollisionData.h">
      <Filter>Collision</Filter>
    </ClInclude>
    <ClInclude Include="GameScene.h">
      <Filter>Scene</Filter>
    </ClInclude>
    <ClInclude Include="Camera.h">
      <Filter>Camera</Filter>
    </ClInclude>
    <ClInclude Include="Player.h">
      <Filter>Player</Filter>
    </ClInclude>
    <ClInclude Include="CollisionManager.h">
      <Filter>Collision</Filter>
    </ClInclude>
    <ClInclude Include="StageBase.h">
      <Filter>Stage</Filter>
    </ClInclude>
    <ClInclude Include="ArmEnemyStage.h">
      <Filter>Stage</Filter>
    </ClInclude>
    <ClInclude Include="Calculation.h">
      <Filter>Utility</Filter>
    </ClInclude>
    <ClInclude Include="PlayerStateProcessBase.h">
      <Filter>Player</Filter>
    </ClInclude>
    <ClInclude Include="PlayerRun.h">
      <Filter>Player</Filter>
    </ClInclude>
  </ItemGroup>
</Project>